
Microsoft Visual Studio Solution File, Format Version 12.00
# Visual Studio Version 17
VisualStudioVersion = 17.4.33213.308
MinimumVisualStudioVersion = 10.0.40219.1
Project("{9A19103F-16F7-4668-BE54-9A1E7A4F7556}") = "OrderService.API", "OrderService.API\OrderService.API.csproj", "{93A4D19E-0F2A-45A9-A44B-09321BF89BF4}"
EndProject
Project("{9A19103F-16F7-4668-BE54-9A1E7A4F7556}") = "OrderService.API.Tests", "OrderService.API.Tests\OrderService.API.Tests.csproj", "{538C3C72-D458-405F-BFD9-0D5A431A4CE1}"
EndProject
Project("{E53339B2-1760-4266-BCC7-CA923CBCF16C}") = "docker-compose", "docker-compose.dcproj", "{56742D9A-EB99-4561-8B59-770BA475B320}"
EndProject
Project("{2150E333-8FDC-42A3-9474-1A3956D46DE8}") = "Solution Items", "Solution Items", "{E4405ECC-3CB3-466E-AE97-7FC215B378CE}"
	ProjectSection(SolutionItems) = preProject
		README.md = README.md
	EndProjectSection
EndProject
Project("{FAE04EC0-301F-11D3-BF4B-00C04F79EFBC}") = "OrderService.Domain", "OrderService.Domain\OrderService.Domain.csproj", "{6B4FF75E-4CDF-4F51-B6E8-CFA6EF961B03}"
EndProject
Project("{FAE04EC0-301F-11D3-BF4B-00C04F79EFBC}") = "OrderService.Application", "OrderService.Application\OrderService.Application.csproj", "{51D4930B-1796-40AA-A5D4-4517E9EC5709}"
EndProject
Project("{FAE04EC0-301F-11D3-BF4B-00C04F79EFBC}") = "OrderService.Infrastructure", "OrderService.Infrastructure\OrderService.Infrastructure.csproj", "{24B1ED01-57A9-4092-92E6-B59F3AE1B739}"
EndProject
Global
	GlobalSection(SolutionConfigurationPlatforms) = preSolution
		Debug|Any CPU = Debug|Any CPU
		Release|Any CPU = Release|Any CPU
	EndGlobalSection
	GlobalSection(ProjectConfigurationPlatforms) = postSolution
		{93A4D19E-0F2A-45A9-A44B-09321BF89BF4}.Debug|Any CPU.ActiveCfg = Debug|Any CPU
		{93A4D19E-0F2A-45A9-A44B-09321BF89BF4}.Debug|Any CPU.Build.0 = Debug|Any CPU
		{93A4D19E-0F2A-45A9-A44B-09321BF89BF4}.Release|Any CPU.ActiveCfg = Release|Any CPU
		{93A4D19E-0F2A-45A9-A44B-09321BF89BF4}.Release|Any CPU.Build.0 = Release|Any CPU
		{538C3C72-D458-405F-BFD9-0D5A431A4CE1}.Debug|Any CPU.ActiveCfg = Debug|Any CPU
		{538C3C72-D458-405F-BFD9-0D5A431A4CE1}.Debug|Any CPU.Build.0 = Debug|Any CPU
		{538C3C72-D458-405F-BFD9-0D5A431A4CE1}.Release|Any CPU.ActiveCfg = Release|Any CPU
		{538C3C72-D458-405F-BFD9-0D5A431A4CE1}.Release|Any CPU.Build.0 = Release|Any CPU
		{56742D9A-EB99-4561-8B59-770BA475B320}.Debug|Any CPU.ActiveCfg = Debug|Any CPU
		{56742D9A-EB99-4561-8B59-770BA475B320}.Debug|Any CPU.Build.0 = Debug|Any CPU
		{56742D9A-EB99-4561-8B59-770BA475B320}.Release|Any CPU.ActiveCfg = Release|Any CPU
		{56742D9A-EB99-4561-8B59-770BA475B320}.Release|Any CPU.Build.0 = Release|Any CPU
		{6B4FF75E-4CDF-4F51-B6E8-CFA6EF961B03}.Debug|Any CPU.ActiveCfg = Debug|Any CPU
		{6B4FF75E-4CDF-4F51-B6E8-CFA6EF961B03}.Debug|Any CPU.Build.0 = Debug|Any CPU
		{6B4FF75E-4CDF-4F51-B6E8-CFA6EF961B03}.Release|Any CPU.ActiveCfg = Release|Any CPU
		{6B4FF75E-4CDF-4F51-B6E8-CFA6EF961B03}.Release|Any CPU.Build.0 = Release|Any CPU
		{51D4930B-1796-40AA-A5D4-4517E9EC5709}.Debug|Any CPU.ActiveCfg = Debug|Any CPU
		{51D4930B-1796-40AA-A5D4-4517E9EC5709}.Debug|Any CPU.Build.0 = Debug|Any CPU
		{51D4930B-1796-40AA-A5D4-4517E9EC5709}.Release|Any CPU.ActiveCfg = Release|Any CPU
		{51D4930B-1796-40AA-A5D4-4517E9EC5709}.Release|Any CPU.Build.0 = Release|Any CPU
		{24B1ED01-57A9-4092-92E6-B59F3AE1B739}.Debug|Any CPU.ActiveCfg = Debug|Any CPU
		{24B1ED01-57A9-4092-92E6-B59F3AE1B739}.Debug|Any CPU.Build.0 = Debug|Any CPU
		{24B1ED01-57A9-4092-92E6-B59F3AE1B739}.Release|Any CPU.ActiveCfg = Release|Any CPU
		{24B1ED01-57A9-4092-92E6-B59F3AE1B739}.Release|Any CPU.Build.0 = Release|Any CPU
	EndGlobalSection
	GlobalSection(SolutionProperties) = preSolution
		HideSolutionNode = FALSE
	EndGlobalSection
	GlobalSection(ExtensibilityGlobals) = postSolution
		SolutionGuid = {2A1F789B-DE94-43AB-B37E-D87357163479}
	EndGlobalSection
EndGlobal
